
Microsoft Visual Studio Solution File, Format Version 12.00
# Visual Studio Version 17
VisualStudioVersion = 17.11.35303.130
MinimumVisualStudioVersion = 10.0.40219.1
Project("{FAE04EC0-301F-11D3-BF4B-00C04F79EFBC}") = "ADO.net koppling mot Sakila", "ADO.net koppling mot Sakila\ADO.net koppling mot Sakila.csproj", "{C695E71B-08EF-46BB-8BED-45A9949142FB}"
EndProject
Global
	GlobalSection(SolutionConfigurationPlatforms) = preSolution
		Debug|Any CPU = Debug|Any CPU
		Release|Any CPU = Release|Any CPU
	EndGlobalSection
	GlobalSection(ProjectConfigurationPlatforms) = postSolution
		{C695E71B-08EF-46BB-8BED-45A9949142FB}.Debug|Any CPU.ActiveCfg = Debug|Any CPU
		{C695E71B-08EF-46BB-8BED-45A9949142FB}.Debug|Any CPU.Build.0 = Debug|Any CPU
		{C695E71B-08EF-46BB-8BED-45A9949142FB}.Release|Any CPU.ActiveCfg = Release|Any CPU
		{C695E71B-08EF-46BB-8BED-45A9949142FB}.Release|Any CPU.Build.0 = Release|Any CPU
	EndGlobalSection
	GlobalSection(SolutionProperties) = preSolution
		HideSolutionNode = FALSE
	EndGlobalSection
	GlobalSection(ExtensibilityGlobals) = postSolution
		SolutionGuid = {B653930B-1D08-4C99-89AB-BE3598414CB0}
	EndGlobalSection
EndGlobal
